{
  "name": "swagger-generator",
  "version": "1.0.0",
  "lockfileVersion": 3,
  "requires": true,
  "packages": {
    "": {
      "name": "swagger-generator",
      "version": "1.0.0",
      "license": "ISC",
      "dependencies": {
        "utility": "^1.0.0"
      }
    },
    "node_modules/utility": {
      "version": "1.0.0",
      "resolved": "http://0.0.0.0:4873/utility/-/utility-1.0.0.tgz",
      "integrity": "sha512-CmpYhE1Zy4MvpilhBrTBH7QgUi0IqS8A4Vg2WLvM4Ww+WNFiSIUia2hPKDnmfedWP93Cgw0x3A9VrUntLjYPug=="
    }
  }
}
